// !$*UTF8*$!
{
	archiveVersion = 1;
	classes = {
	};
	objectVersion = 56;
	objects = {

/* Begin PBXBuildFile section */
		048AEC572A1EB8DA0085435E /* AppDelegate.swift in Sources */ = {isa = PBXBuildFile; fileRef = 048AEC562A1EB8DA0085435E /* AppDelegate.swift */; };
		048AEC592A1EB8DA0085435E /* SceneDelegate.swift in Sources */ = {isa = PBXBuildFile; fileRef = 048AEC582A1EB8DA0085435E /* SceneDelegate.swift */; };
		048AEC5B2A1EB8DA0085435E /* ViewController.swift in Sources */ = {isa = PBXBuildFile; fileRef = 048AEC5A2A1EB8DA0085435E /* ViewController.swift */; };
		048AEC5E2A1EB8DA0085435E /* Main.storyboard in Resources */ = {isa = PBXBuildFile; fileRef = 048AEC5C2A1EB8DA0085435E /* Main.storyboard */; };
		048AEC602A1EB8DB0085435E /* Assets.xcassets in Resources */ = {isa = PBXBuildFile; fileRef = 048AEC5F2A1EB8DB0085435E /* Assets.xcassets */; };
		048AEC632A1EB8DB0085435E /* LaunchScreen.storyboard in Resources */ = {isa = PBXBuildFile; fileRef = 048AEC612A1EB8DB0085435E /* LaunchScreen.storyboard */; };
		048AEC6E2A1EB8DC0085435E /* CounterTests.swift in Sources */ = {isa = PBXBuildFile; fileRef = 048AEC6D2A1EB8DC0085435E /* CounterTests.swift */; };
		048AEC782A1EB8DC0085435E /* CounterUITests.swift in Sources */ = {isa = PBXBuildFile; fileRef = 048AEC772A1EB8DC0085435E /* CounterUITests.swift */; };
		048AEC7A2A1EB8DC0085435E /* CounterUITestsLaunchTests.swift in Sources */ = {isa = PBXBuildFile; fileRef = 048AEC792A1EB8DC0085435E /* CounterUITestsLaunchTests.swift */; };
/* End PBXBuildFile section */

/* Begin PBXContainerItemProxy section */
		048AEC6A2A1EB8DC0085435E /* PBXContainerItemProxy */ = {
			isa = PBXContainerItemProxy;
			containerPortal = 048AEC4B2A1EB8DA0085435E /* Project object */;
			proxyType = 1;
			remoteGlobalIDString = 048AEC522A1EB8DA0085435E;
			remoteInfo = Counter;
		};
		048AEC742A1EB8DC0085435E /* PBXContainerItemProxy */ = {
			isa = PBXContainerItemProxy;
			containerPortal = 048AEC4B2A1EB8DA0085435E /* Project object */;
			proxyType = 1;
			remoteGlobalIDString = 048AEC522A1EB8DA0085435E;
			remoteInfo = Counter;
		};
/* End PBXContainerItemProxy section */

/* Begin PBXFileReference section */
		048AEC532A1EB8DA0085435E /* Counter.app */ = {isa = PBXFileReference; explicitFileType = wrapper.application; includeInIndex = 0; path = Counter.app; sourceTree = BUILT_PRODUCTS_DIR; };
		048AEC562A1EB8DA0085435E /* AppDelegate.swift */ = {isa = PBXFileReference; lastKnownFileType = sourcecode.swift; path = AppDelegate.swift; sourceTree = "<group>"; };
		048AEC582A1EB8DA0085435E /* SceneDelegate.swift */ = {isa = PBXFileReference; lastKnownFileType = sourcecode.swift; path = SceneDelegate.swift; sourceTree = "<group>"; };
		048AEC5A2A1EB8DA0085435E /* ViewController.swift */ = {isa = PBXFileReference; lastKnownFileType = sourcecode.swift; path = ViewController.swift; sourceTree = "<group>"; };
		048AEC5D2A1EB8DA0085435E /* Base */ = {isa = PBXFileReference; lastKnownFileType = file.storyboard; name = Base; path = Base.lproj/Main.storyboard; sourceTree = "<group>"; };
		048AEC5F2A1EB8DB0085435E /* Assets.xcassets */ = {isa = PBXFileReference; lastKnownFileType = folder.assetcatalog; path = Assets.xcassets; sourceTree = "<group>"; };
		048AEC622A1EB8DB0085435E /* Base */ = {isa = PBXFileReference; lastKnownFileType = file.storyboard; name = Base; path = Base.lproj/LaunchScreen.storyboard; sourceTree = "<group>"; };
		048AEC642A1EB8DB0085435E /* Info.plist */ = {isa = PBXFileReference; lastKnownFileType = text.plist.xml; path = Info.plist; sourceTree = "<group>"; };
		048AEC692A1EB8DC0085435E /* CounterTests.xctest */ = {isa = PBXFileReference; explicitFileType = wrapper.cfbundle; includeInIndex = 0; path = CounterTests.xctest; sourceTree = BUILT_PRODUCTS_DIR; };
		048AEC6D2A1EB8DC0085435E /* CounterTests.swift */ = {isa = PBXFileReference; lastKnownFileType = sourcecode.swift; path = CounterTests.swift; sourceTree = "<group>"; };
		048AEC732A1EB8DC0085435E /* CounterUITests.xctest */ = {isa = PBXFileReference; explicitFileType = wrapper.cfbundle; includeInIndex = 0; path = CounterUITests.xctest; sourceTree = BUILT_PRODUCTS_DIR; };
		048AEC772A1EB8DC0085435E /* CounterUITests.swift */ = {isa = PBXFileReference; lastKnownFileType = sourcecode.swift; path = CounterUITests.swift; sourceTree = "<group>"; };
		048AEC792A1EB8DC0085435E /* CounterUITestsLaunchTests.swift */ = {isa = PBXFileReference; lastKnownFileType = sourcecode.swift; path = CounterUITestsLaunchTests.swift; sourceTree = "<group>"; };
/* End PBXFileReference section */

/* Begin PBXFrameworksBuildPhase section */
		048AEC502A1EB8DA0085435E /* Frameworks */ = {
			isa = PBXFrameworksBuildPhase;
			buildActionMask = 2147483647;
			files = (
			);
			runOnlyForDeploymentPostprocessing = 0;
		};
		048AEC662A1EB8DC0085435E /* Frameworks */ = {
			isa = PBXFrameworksBuildPhase;
			buildActionMask = 2147483647;
			files = (
			);
			runOnlyForDeploymentPostprocessing = 0;
		};
		048AEC702A1EB8DC0085435E /* Frameworks */ = {
			isa = PBXFrameworksBuildPhase;
			buildActionMask = 2147483647;
			files = (
			);
			runOnlyForDeploymentPostprocessing = 0;
		};
/* End PBXFrameworksBuildPhase section */

/* Begin PBXGroup section */
		048AEC4A2A1EB8DA0085435E = {
			isa = PBXGroup;
			children = (
				048AEC552A1EB8DA0085435E /* Counter */,
				048AEC6C2A1EB8DC0085435E /* CounterTests */,
				048AEC762A1EB8DC0085435E /* CounterUITests */,
				048AEC542A1EB8DA0085435E /* Products */,
			);
			sourceTree = "<group>";
		};
		048AEC542A1EB8DA0085435E /* Products */ = {
			isa = PBXGroup;
			children = (
				048AEC532A1EB8DA0085435E /* Counter.app */,
				048AEC692A1EB8DC0085435E /* CounterTests.xctest */,
				048AEC732A1EB8DC0085435E /* CounterUITests.xctest */,
			);
			name = Products;
			sourceTree = "<group>";
		};
		048AEC552A1EB8DA0085435E /* Counter */ = {
			isa = PBXGroup;
			children = (
				048AEC562A1EB8DA0085435E /* AppDelegate.swift */,
				048AEC582A1EB8DA0085435E /* SceneDelegate.swift */,
				048AEC5A2A1EB8DA0085435E /* ViewController.swift */,
				048AEC5C2A1EB8DA0085435E /* Main.storyboard */,
				048AEC5F2A1EB8DB0085435E /* Assets.xcassets */,
				048AEC612A1EB8DB0085435E /* LaunchScreen.storyboard */,
				048AEC642A1EB8DB0085435E /* Info.plist */,
			);
			path = Counter;
			sourceTree = "<group>";
		};
		048AEC6C2A1EB8DC0085435E /* CounterTests */ = {
			isa = PBXGroup;
			children = (
				048AEC6D2A1EB8DC0085435E /* CounterTests.swift */,
			);
			path = CounterTests;
			sourceTree = "<group>";
		};
		048AEC762A1EB8DC0085435E /* CounterUITests */ = {
			isa = PBXGroup;
			children = (
				048AEC772A1EB8DC0085435E /* CounterUITests.swift */,
				048AEC792A1EB8DC0085435E /* CounterUITestsLaunchTests.swift */,
			);
			path = CounterUITests;
			sourceTree = "<group>";
		};
/* End PBXGroup section */

/* Begin PBXNativeTarget section */
		048AEC522A1EB8DA0085435E /* Counter */ = {
			isa = PBXNativeTarget;
			buildConfigurationList = 048AEC7D2A1EB8DC0085435E /* Build configuration list for PBXNativeTarget "Counter" */;
			buildPhases = (
				048AEC4F2A1EB8DA0085435E /* Sources */,
				048AEC502A1EB8DA0085435E /* Frameworks */,
				048AEC512A1EB8DA0085435E /* Resources */,
			);
			buildRules = (
			);
			dependencies = (
			);
			name = Counter;
			productName = Counter;
			productReference = 048AEC532A1EB8DA0085435E /* Counter.app */;
			productType = "com.apple.product-type.application";
		};
		048AEC682A1EB8DC0085435E /* CounterTests */ = {
			isa = PBXNativeTarget;
			buildConfigurationList = 048AEC802A1EB8DC0085435E /* Build configuration list for PBXNativeTarget "CounterTests" */;
			buildPhases = (
				048AEC652A1EB8DC0085435E /* Sources */,
				048AEC662A1EB8DC0085435E /* Frameworks */,
				048AEC672A1EB8DC0085435E /* Resources */,
			);
			buildRules = (
			);
			dependencies = (
				048AEC6B2A1EB8DC0085435E /* PBXTargetDependency */,
			);
			name = CounterTests;
			productName = CounterTests;
			productReference = 048AEC692A1EB8DC0085435E /* CounterTests.xctest */;
			productType = "com.apple.product-type.bundle.unit-test";
		};
		048AEC722A1EB8DC0085435E /* CounterUITests */ = {
			isa = PBXNativeTarget;
			buildConfigurationList = 048AEC832A1EB8DC0085435E /* Build configuration list for PBXNativeTarget "CounterUITests" */;
			buildPhases = (
				048AEC6F2A1EB8DC0085435E /* Sources */,
				048AEC702A1EB8DC0085435E /* Frameworks */,
				048AEC712A1EB8DC0085435E /* Resources */,
			);
			buildRules = (
			);
			dependencies = (
				048AEC752A1EB8DC0085435E /* PBXTargetDependency */,
			);
			name = CounterUITests;
			productName = CounterUITests;
			productReference = 048AEC732A1EB8DC0085435E /* CounterUITests.xctest */;
			productType = "com.apple.product-type.bundle.ui-testing";
		};
/* End PBXNativeTarget section */

/* Begin PBXProject section */
		048AEC4B2A1EB8DA0085435E /* Project object */ = {
			isa = PBXProject;
			attributes = {
				BuildIndependentTargetsInParallel = 1;
				LastSwiftUpdateCheck = 1420;
				LastUpgradeCheck = 1420;
				TargetAttributes = {
					048AEC522A1EB8DA0085435E = {
						CreatedOnToolsVersion = 14.2;
					};
					048AEC682A1EB8DC0085435E = {
						CreatedOnToolsVersion = 14.2;
						TestTargetID = 048AEC522A1EB8DA0085435E;
					};
					048AEC722A1EB8DC0085435E = {
						CreatedOnToolsVersion = 14.2;
						TestTargetID = 048AEC522A1EB8DA0085435E;
					};
				};
			};
			buildConfigurationList = 048AEC4E2A1EB8DA0085435E /* Build configuration list for PBXProject "Counter" */;
			compatibilityVersion = "Xcode 14.0";
			developmentRegion = en;
			hasScannedForEncodings = 0;
			knownRegions = (
				en,
				Base,
			);
			mainGroup = 048AEC4A2A1EB8DA0085435E;
			productRefGroup = 048AEC542A1EB8DA0085435E /* Products */;
			projectDirPath = "";
			projectRoot = "";
			targets = (
				048AEC522A1EB8DA0085435E /* Counter */,
				048AEC682A1EB8DC0085435E /* CounterTests */,
				048AEC722A1EB8DC0085435E /* CounterUITests */,
			);
		};
/* End PBXProject section */

/* Begin PBXResourcesBuildPhase section */
		048AEC512A1EB8DA0085435E /* Resources */ = {
			isa = PBXResourcesBuildPhase;
			buildActionMask = 2147483647;
			files = (
				048AEC632A1EB8DB0085435E /* LaunchScreen.storyboard in Resources */,
				048AEC602A1EB8DB0085435E /* Assets.xcassets in Resources */,
				048AEC5E2A1EB8DA0085435E /* Main.storyboard in Resources */,
			);
			runOnlyForDeploymentPostprocessing = 0;
		};
		048AEC672A1EB8DC0085435E /* Resources */ = {
			isa = PBXResourcesBuildPhase;
			buildActionMask = 2147483647;
			files = (
			);
			runOnlyForDeploymentPostprocessing = 0;
		};
		048AEC712A1EB8DC0085435E /* Resources */ = {
			isa = PBXResourcesBuildPhase;
			buildActionMask = 2147483647;
			files = (
			);
			runOnlyForDeploymentPostprocessing = 0;
		};
/* End PBXResourcesBuildPhase section */

/* Begin PBXSourcesBuildPhase section */
		048AEC4F2A1EB8DA0085435E /* Sources */ = {
			isa = PBXSourcesBuildPhase;
			buildActionMask = 2147483647;
			files = (
				048AEC5B2A1EB8DA0085435E /* ViewController.swift in Sources */,
				048AEC572A1EB8DA0085435E /* AppDelegate.swift in Sources */,
				048AEC592A1EB8DA0085435E /* SceneDelegate.swift in Sources */,
			);
			runOnlyForDeploymentPostprocessing = 0;
		};
		048AEC652A1EB8DC0085435E /* Sources */ = {
			isa = PBXSourcesBuildPhase;
			buildActionMask = 2147483647;
			files = (
				048AEC6E2A1EB8DC0085435E /* CounterTests.swift in Sources */,
			);
			runOnlyForDeploymentPostprocessing = 0;
		};
		048AEC6F2A1EB8DC0085435E /* Sources */ = {
			isa = PBXSourcesBuildPhase;
			buildActionMask = 2147483647;
			files = (
				048AEC782A1EB8DC0085435E /* CounterUITests.swift in Sources */,
				048AEC7A2A1EB8DC0085435E /* CounterUITestsLaunchTests.swift in Sources */,
			);
			runOnlyForDeploymentPostprocessing = 0;
		};
/* End PBXSourcesBuildPhase section */

/* Begin PBXTargetDependency section */
		048AEC6B2A1EB8DC0085435E /* PBXTargetDependency */ = {
			isa = PBXTargetDependency;
			target = 048AEC522A1EB8DA0085435E /* Counter */;
			targetProxy = 048AEC6A2A1EB8DC0085435E /* PBXContainerItemProxy */;
		};
		048AEC752A1EB8DC0085435E /* PBXTargetDependency */ = {
			isa = PBXTargetDependency;
			target = 048AEC522A1EB8DA0085435E /* Counter */;
			targetProxy = 048AEC742A1EB8DC0085435E /* PBXContainerItemProxy */;
		};
/* End PBXTargetDependency section */

/* Begin PBXVariantGroup section */
		048AEC5C2A1EB8DA0085435E /* Main.storyboard */ = {
			isa = PBXVariantGroup;
			children = (
				048AEC5D2A1EB8DA0085435E /* Base */,
			);
			name = Main.storyboard;
			sourceTree = "<group>";
		};
		048AEC612A1EB8DB0085435E /* LaunchScreen.storyboard */ = {
			isa = PBXVariantGroup;
			children = (
				048AEC622A1EB8DB0085435E /* Base */,
			);
			name = LaunchScreen.storyboard;
			sourceTree = "<group>";
		};
/* End PBXVariantGroup section */

/* Begin XCBuildConfiguration section */
		048AEC7B2A1EB8DC0085435E /* Debug */ = {
			isa = XCBuildConfiguration;
			buildSettings = {
				ALWAYS_SEARCH_USER_PATHS = NO;
				CLANG_ANALYZER_NONNULL = YES;
				CLANG_ANALYZER_NUMBER_OBJECT_CONVERSION = YES_AGGRESSIVE;
				CLANG_CXX_LANGUAGE_STANDARD = "gnu++20";
				CLANG_ENABLE_MODULES = YES;
				CLANG_ENABLE_OBJC_ARC = YES;
				CLANG_ENABLE_OBJC_WEAK = YES;
				CLANG_WARN_BLOCK_CAPTURE_AUTORELEASING = YES;
				CLANG_WARN_BOOL_CONVERSION = YES;
				CLANG_WARN_COMMA = YES;
				CLANG_WARN_CONSTANT_CONVERSION = YES;
				CLANG_WARN_DEPRECATED_OBJC_IMPLEMENTATIONS = YES;
				CLANG_WARN_DIRECT_OBJC_ISA_USAGE = YES_ERROR;
				CLANG_WARN_DOCUMENTATION_COMMENTS = YES;
				CLANG_WARN_EMPTY_BODY = YES;
				CLANG_WARN_ENUM_CONVERSION = YES;
				CLANG_WARN_INFINITE_RECURSION = YES;
				CLANG_WARN_INT_CONVERSION = YES;
				CLANG_WARN_NON_LITERAL_NULL_CONVERSION = YES;
				CLANG_WARN_OBJC_IMPLICIT_RETAIN_SELF = YES;
				CLANG_WARN_OBJC_LITERAL_CONVERSION = YES;
				CLANG_WARN_OBJC_ROOT_CLASS = YES_ERROR;
				CLANG_WARN_QUOTED_INCLUDE_IN_FRAMEWORK_HEADER = YES;
				CLANG_WARN_RANGE_LOOP_ANALYSIS = YES;
				CLANG_WARN_STRICT_PROTOTYPES = YES;
				CLANG_WARN_SUSPICIOUS_MOVE = YES;
				CLANG_WARN_UNGUARDED_AVAILABILITY = YES_AGGRESSIVE;
				CLANG_WARN_UNREACHABLE_CODE = YES;
				CLANG_WARN__DUPLICATE_METHOD_MATCH = YES;
				COPY_PHASE_STRIP = NO;
				DEBUG_INFORMATION_FORMAT = dwarf;
				ENABLE_STRICT_OBJC_MSGSEND = YES;
				ENABLE_TESTABILITY = YES;
				GCC_C_LANGUAGE_STANDARD = gnu11;
				GCC_DYNAMIC_NO_PIC = NO;
				GCC_NO_COMMON_BLOCKS = YES;
				GCC_OPTIMIZATION_LEVEL = 0;
				GCC_PREPROCESSOR_DEFINITIONS = (
					"DEBUG=1",
					"$(inherited)",
				);
				GCC_WARN_64_TO_32_BIT_CONVERSION = YES;
				GCC_WARN_ABOUT_RETURN_TYPE = YES_ERROR;
				GCC_WARN_UNDECLARED_SELECTOR = YES;
				GCC_WARN_UNINITIALIZED_AUTOS = YES_AGGRESSIVE;
				GCC_WARN_UNUSED_FUNCTION = YES;
				GCC_WARN_UNUSED_VARIABLE = YES;
				IPHONEOS_DEPLOYMENT_TARGET = 16.2;
				MTL_ENABLE_DEBUG_INFO = INCLUDE_SOURCE;
				MTL_FAST_MATH = YES;
				ONLY_ACTIVE_ARCH = YES;
				SDKROOT = iphoneos;
				SWIFT_ACTIVE_COMPILATION_CONDITIONS = DEBUG;
				SWIFT_OPTIMIZATION_LEVEL = "-Onone";
			};
			name = Debug;
		};
		048AEC7C2A1EB8DC0085435E /* Release */ = {
			isa = XCBuildConfiguration;
			buildSettings = {
				ALWAYS_SEARCH_USER_PATHS = NO;
				CLANG_ANALYZER_NONNULL = YES;
				CLANG_ANALYZER_NUMBER_OBJECT_CONVERSION = YES_AGGRESSIVE;
				CLANG_CXX_LANGUAGE_STANDARD = "gnu++20";
				CLANG_ENABLE_MODULES = YES;
				CLANG_ENABLE_OBJC_ARC = YES;
				CLANG_ENABLE_OBJC_WEAK = YES;
				CLANG_WARN_BLOCK_CAPTURE_AUTORELEASING = YES;
				CLANG_WARN_BOOL_CONVERSION = YES;
				CLANG_WARN_COMMA = YES;
				CLANG_WARN_CONSTANT_CONVERSION = YES;
				CLANG_WARN_DEPRECATED_OBJC_IMPLEMENTATIONS = YES;
				CLANG_WARN_DIRECT_OBJC_ISA_USAGE = YES_ERROR;
				CLANG_WARN_DOCUMENTATION_COMMENTS = YES;
				CLANG_WARN_EMPTY_BODY = YES;
				CLANG_WARN_ENUM_CONVERSION = YES;
				CLANG_WARN_INFINITE_RECURSION = YES;
				CLANG_WARN_INT_CONVERSION = YES;
				CLANG_WARN_NON_LITERAL_NULL_CONVERSION = YES;
				CLANG_WARN_OBJC_IMPLICIT_RETAIN_SELF = YES;
				CLANG_WARN_OBJC_LITERAL_CONVERSION = YES;
				CLANG_WARN_OBJC_ROOT_CLASS = YES_ERROR;
				CLANG_WARN_QUOTED_INCLUDE_IN_FRAMEWORK_HEADER = YES;
				CLANG_WARN_RANGE_LOOP_ANALYSIS = YES;
				CLANG_WARN_STRICT_PROTOTYPES = YES;
				CLANG_WARN_SUSPICIOUS_MOVE = YES;
				CLANG_WARN_UNGUARDED_AVAILABILITY = YES_AGGRESSIVE;
				CLANG_WARN_UNREACHABLE_CODE = YES;
				CLANG_WARN__DUPLICATE_METHOD_MATCH = YES;
				COPY_PHASE_STRIP = NO;
				DEBUG_INFORMATION_FORMAT = "dwarf-with-dsym";
				ENABLE_NS_ASSERTIONS = NO;
				ENABLE_STRICT_OBJC_MSGSEND = YES;
				GCC_C_LANGUAGE_STANDARD = gnu11;
				GCC_NO_COMMON_BLOCKS = YES;
				GCC_WARN_64_TO_32_BIT_CONVERSION = YES;
				GCC_WARN_ABOUT_RETURN_TYPE = YES_ERROR;
				GCC_WARN_UNDECLARED_SELECTOR = YES;
				GCC_WARN_UNINITIALIZED_AUTOS = YES_AGGRESSIVE;
				GCC_WARN_UNUSED_FUNCTION = YES;
				GCC_WARN_UNUSED_VARIABLE = YES;
				IPHONEOS_DEPLOYMENT_TARGET = 16.2;
				MTL_ENABLE_DEBUG_INFO = NO;
				MTL_FAST_MATH = YES;
				SDKROOT = iphoneos;
				SWIFT_COMPILATION_MODE = wholemodule;
				SWIFT_OPTIMIZATION_LEVEL = "-O";
				VALIDATE_PRODUCT = YES;
			};
			name = Release;
		};
		048AEC7E2A1EB8DC0085435E /* Debug */ = {
			isa = XCBuildConfiguration;
			buildSettings = {
				ASSETCATALOG_COMPILER_APPICON_NAME = AppIcon;
				ASSETCATALOG_COMPILER_GLOBAL_ACCENT_COLOR_NAME = AccentColor;
				CODE_SIGN_STYLE = Automatic;
				CURRENT_PROJECT_VERSION = 1;
				GENERATE_INFOPLIST_FILE = YES;
				INFOPLIST_FILE = Counter/Info.plist;
				INFOPLIST_KEY_UIApplicationSupportsIndirectInputEvents = YES;
				INFOPLIST_KEY_UILaunchStoryboardName = LaunchScreen;
				INFOPLIST_KEY_UIMainStoryboardFile = Main;
				INFOPLIST_KEY_UISupportedInterfaceOrientations_iPad = "UIInterfaceOrientationPortrait UIInterfaceOrientationPortraitUpsideDown UIInterfaceOrientationLandscapeLeft UIInterfaceOrientationLandscapeRight";
				INFOPLIST_KEY_UISupportedInterfaceOrientations_iPhone = "UIInterfaceOrientationPortrait UIInterfaceOrientationLandscapeLeft UIInterfaceOrientationLandscapeRight";
				LD_RUNPATH_SEARCH_PATHS = (
					"$(inherited)",
					"@executable_path/Frameworks",
				);
				MARKETING_VERSION = 1.0;
				PRODUCT_BUNDLE_IDENTIFIER = test.Counter;
				PRODUCT_NAME = "$(TARGET_NAME)";
				SWIFT_EMIT_LOC_STRINGS = YES;
				SWIFT_VERSION = 5.0;
				TARGETED_DEVICE_FAMILY = "1,2";
			};
			name = Debug;
		};
		048AEC7F2A1EB8DC0085435E /* Release */ = {
			isa = XCBuildConfiguration;
			buildSettings = {
				ASSETCATALOG_COMPILER_APPICON_NAME = AppIcon;
				ASSETCATALOG_COMPILER_GLOBAL_ACCENT_COLOR_NAME = AccentColor;
				CODE_SIGN_STYLE = Automatic;
				CURRENT_PROJECT_VERSION = 1;
				GENERATE_INFOPLIST_FILE = YES;
				INFOPLIST_FILE = Counter/Info.plist;
				INFOPLIST_KEY_UIApplicationSupportsIndirectInputEvents = YES;
				INFOPLIST_KEY_UILaunchStoryboardName = LaunchScreen;
				INFOPLIST_KEY_UIMainStoryboardFile = Main;
				INFOPLIST_KEY_UISupportedInterfaceOrientations_iPad = "UIInterfaceOrientationPortrait UIInterfaceOrientationPortraitUpsideDown UIInterfaceOrientationLandscapeLeft UIInterfaceOrientationLandscapeRight";
				INFOPLIST_KEY_UISupportedInterfaceOrientations_iPhone = "UIInterfaceOrientationPortrait UIInterfaceOrientationLandscapeLeft UIInterfaceOrientationLandscapeRight";
				LD_RUNPATH_SEARCH_PATHS = (
					"$(inherited)",
					"@executable_path/Frameworks",
				);
				MARKETING_VERSION = 1.0;
				PRODUCT_BUNDLE_IDENTIFIER = test.Counter;
				PRODUCT_NAME = "$(TARGET_NAME)";
				SWIFT_EMIT_LOC_STRINGS = YES;
				SWIFT_VERSION = 5.0;
				TARGETED_DEVICE_FAMILY = "1,2";
			};
			name = Release;
		};
		048AEC812A1EB8DC0085435E /* Debug */ = {
			isa = XCBuildConfiguration;
			buildSettings = {
				ALWAYS_EMBED_SWIFT_STANDARD_LIBRARIES = YES;
				BUNDLE_LOADER = "$(TEST_HOST)";
				CODE_SIGN_STYLE = Automatic;
				CURRENT_PROJECT_VERSION = 1;
				GENERATE_INFOPLIST_FILE = YES;
				IPHONEOS_DEPLOYMENT_TARGET = 16.2;
				MARKETING_VERSION = 1.0;
				PRODUCT_BUNDLE_IDENTIFIER = test.CounterTests;
				PRODUCT_NAME = "$(TARGET_NAME)";
				SWIFT_EMIT_LOC_STRINGS = NO;
				SWIFT_VERSION = 5.0;
				TARGETED_DEVICE_FAMILY = "1,2";
				TEST_HOST = "$(BUILT_PRODUCTS_DIR)/Counter.app/$(BUNDLE_EXECUTABLE_FOLDER_PATH)/Counter";
			};
			name = Debug;
		};
		048AEC822A1EB8DC0085435E /* Release */ = {
			isa = XCBuildConfiguration;
			buildSettings = {
				ALWAYS_EMBED_SWIFT_STANDARD_LIBRARIES = YES;
				BUNDLE_LOADER = "$(TEST_HOST)";
				CODE_SIGN_STYLE = Automatic;
				CURRENT_PROJECT_VERSION = 1;
				GENERATE_INFOPLIST_FILE = YES;
				IPHONEOS_DEPLOYMENT_TARGET = 16.2;
				MARKETING_VERSION = 1.0;
				PRODUCT_BUNDLE_IDENTIFIER = test.CounterTests;
				PRODUCT_NAME = "$(TARGET_NAME)";
				SWIFT_EMIT_LOC_STRINGS = NO;
				SWIFT_VERSION = 5.0;
				TARGETED_DEVICE_FAMILY = "1,2";
				TEST_HOST = "$(BUILT_PRODUCTS_DIR)/Counter.app/$(BUNDLE_EXECUTABLE_FOLDER_PATH)/Counter";
			};
			name = Release;
		};
		048AEC842A1EB8DC0085435E /* Debug */ = {
			isa = XCBuildConfiguration;
			buildSettings = {
				ALWAYS_EMBED_SWIFT_STANDARD_LIBRARIES = YES;
				CODE_SIGN_STYLE = Automatic;
				CURRENT_PROJECT_VERSION = 1;
				GENERATE_INFOPLIST_FILE = YES;
				MARKETING_VERSION = 1.0;
				PRODUCT_BUNDLE_IDENTIFIER = test.CounterUITests;
				PRODUCT_NAME = "$(TARGET_NAME)";
				SWIFT_EMIT_LOC_STRINGS = NO;
				SWIFT_VERSION = 5.0;
				TARGETED_DEVICE_FAMILY = "1,2";
				TEST_TARGET_NAME = Counter;
			};
			name = Debug;
		};
		048AEC852A1EB8DC0085435E /* Release */ = {
			isa = XCBuildConfiguration;
			buildSettings = {
				ALWAYS_EMBED_SWIFT_STANDARD_LIBRARIES = YES;
				CODE_SIGN_STYLE = Automatic;
				CURRENT_PROJECT_VERSION = 1;
				GENERATE_INFOPLIST_FILE = YES;
				MARKETING_VERSION = 1.0;
				PRODUCT_BUNDLE_IDENTIFIER = test.CounterUITests;
				PRODUCT_NAME = "$(TARGET_NAME)";
				SWIFT_EMIT_LOC_STRINGS = NO;
				SWIFT_VERSION = 5.0;
				TARGETED_DEVICE_FAMILY = "1,2";
				TEST_TARGET_NAME = Counter;
			};
			name = Release;
		};
/* End XCBuildConfiguration section */

/* Begin XCConfigurationList section */
		048AEC4E2A1EB8DA0085435E /* Build configuration list for PBXProject "Counter" */ = {
			isa = XCConfigurationList;
			buildConfigurations = (
				048AEC7B2A1EB8DC0085435E /* Debug */,
				048AEC7C2A1EB8DC0085435E /* Release */,
			);
			defaultConfigurationIsVisible = 0;
			defaultConfigurationName = Release;
		};
		048AEC7D2A1EB8DC0085435E /* Build configuration list for PBXNativeTarget "Counter" */ = {
			isa = XCConfigurationList;
			buildConfigurations = (
				048AEC7E2A1EB8DC0085435E /* Debug */,
				048AEC7F2A1EB8DC0085435E /* Release */,
			);
			defaultConfigurationIsVisible = 0;
			defaultConfigurationName = Release;
		};
		048AEC802A1EB8DC0085435E /* Build configuration list for PBXNativeTarget "CounterTests" */ = {
			isa = XCConfigurationList;
			buildConfigurations = (
				048AEC812A1EB8DC0085435E /* Debug */,
				048AEC822A1EB8DC0085435E /* Release */,
			);
			defaultConfigurationIsVisible = 0;
			defaultConfigurationName = Release;
		};
		048AEC832A1EB8DC0085435E /* Build configuration list for PBXNativeTarget "CounterUITests" */ = {
			isa = XCConfigurationList;
			buildConfigurations = (
				048AEC842A1EB8DC0085435E /* Debug */,
				048AEC852A1EB8DC0085435E /* Release */,
			);
			defaultConfigurationIsVisible = 0;
			defaultConfigurationName = Release;
		};
/* End XCConfigurationList section */
	};
	rootObject = 048AEC4B2A1EB8DA0085435E /* Project object */;
}
